
Microsoft Visual Studio Solution File, Format Version 12.00
# Visual Studio Version 17
VisualStudioVersion = 17.4.33205.214
MinimumVisualStudioVersion = 10.0.40219.1
Project("{FAE04EC0-301F-11D3-BF4B-00C04F79EFBC}") = "HealthCarePlus", "HealthCarePlus\HealthCarePlus.csproj", "{C313C68B-66F4-48D8-ABC6-64135BAACF7C}"
EndProject
Global
	GlobalSection(SolutionConfigurationPlatforms) = preSolution
		Debug|Any CPU = Debug|Any CPU
		Release|Any CPU = Release|Any CPU
	EndGlobalSection
	GlobalSection(ProjectConfigurationPlatforms) = postSolution
		{C313C68B-66F4-48D8-ABC6-64135BAACF7C}.Debug|Any CPU.ActiveCfg = Debug|Any CPU
		{C313C68B-66F4-48D8-ABC6-64135BAACF7C}.Debug|Any CPU.Build.0 = Debug|Any CPU
		{C313C68B-66F4-48D8-ABC6-64135BAACF7C}.Release|Any CPU.ActiveCfg = Release|Any CPU
		{C313C68B-66F4-48D8-ABC6-64135BAACF7C}.Release|Any CPU.Build.0 = Release|Any CPU
	EndGlobalSection
	GlobalSection(SolutionProperties) = preSolution
		HideSolutionNode = FALSE
	EndGlobalSection
	GlobalSection(ExtensibilityGlobals) = postSolution
		SolutionGuid = {BFFEA614-887F-4D18-92C9-688CEF93CFBC}
	EndGlobalSection
EndGlobal
